
Microsoft Visual Studio Solution File, Format Version 12.00
# Visual Studio Version 17
VisualStudioVersion = 17.8.34322.80
MinimumVisualStudioVersion = 10.0.40219.1
Project("{C9674DCB-5085-4A16-B785-4C70DD1589BD}") = "DE_project_M22", "projectM23\DE_project_M22.dtproj", "{53320D54-6362-4D51-90B0-E6927C5D28B8}"
EndProject
Global
	GlobalSection(SolutionConfigurationPlatforms) = preSolution
		Development|Default = Development|Default
	EndGlobalSection
	GlobalSection(ProjectConfigurationPlatforms) = postSolution
		{53320D54-6362-4D51-90B0-E6927C5D28B8}.Development|Default.ActiveCfg = Development
		{53320D54-6362-4D51-90B0-E6927C5D28B8}.Development|Default.Build.0 = Development
	EndGlobalSection
	GlobalSection(SolutionProperties) = preSolution
		HideSolutionNode = FALSE
	EndGlobalSection
	GlobalSection(ExtensibilityGlobals) = postSolution
		SolutionGuid = {00DBCF85-9270-4FA2-B22E-315376F5BA0E}
	EndGlobalSection
EndGlobal
